
Microsoft Visual Studio Solution File, Format Version 12.00
# Visual Studio Version 17
VisualStudioVersion = 17.13.35825.156 d17.13
MinimumVisualStudioVersion = 10.0.40219.1
Project("{FAE04EC0-301F-11D3-BF4B-00C04F79EFBC}") = "ChatbotMvcForm4.6", "ChatbotMvcForm4.6.csproj", "{29DCCF38-A66B-4B23-986C-CEE891B30D14}"
EndProject
Global
	GlobalSection(SolutionConfigurationPlatforms) = preSolution
		Debug|Any CPU = Debug|Any CPU
		Release|Any CPU = Release|Any CPU
	EndGlobalSection
	GlobalSection(ProjectConfigurationPlatforms) = postSolution
		{29DCCF38-A66B-4B23-986C-CEE891B30D14}.Debug|Any CPU.ActiveCfg = Debug|Any CPU
		{29DCCF38-A66B-4B23-986C-CEE891B30D14}.Debug|Any CPU.Build.0 = Debug|Any CPU
		{29DCCF38-A66B-4B23-986C-CEE891B30D14}.Release|Any CPU.ActiveCfg = Release|Any CPU
		{29DCCF38-A66B-4B23-986C-CEE891B30D14}.Release|Any CPU.Build.0 = Release|Any CPU
	EndGlobalSection
	GlobalSection(SolutionProperties) = preSolution
		HideSolutionNode = FALSE
	EndGlobalSection
	GlobalSection(ExtensibilityGlobals) = postSolution
		SolutionGuid = {A51E3AAA-C7F6-4F81-ADEC-9239D124AB4C}
	EndGlobalSection
EndGlobal
